// !$*UTF8*$!
{
	archiveVersion = 1;
	classes = {
	};
	objectVersion = 50;
	objects = {

/* Begin PBXBuildFile section */
		801D06E6236AC65600154207 /* EditText.swift in Sources */ = {isa = PBXBuildFile; fileRef = 801D06E5236AC65600154207 /* EditText.swift */; };
		80AAB5C72368A6E700CFB099 /* Bundle+ActivityType.swift in Sources */ = {isa = PBXBuildFile; fileRef = 80AAB5C62368A6E700CFB099 /* Bundle+ActivityType.swift */; };
		80B2B28B23698B82005781AC /* State.swift in Sources */ = {isa = PBXBuildFile; fileRef = 80B2B28A23698B82005781AC /* State.swift */; };
		80BE7B1F23689C2F00115EF0 /* AppDelegate.swift in Sources */ = {isa = PBXBuildFile; fileRef = 80BE7B1E23689C2F00115EF0 /* AppDelegate.swift */; };
		80BE7B2123689C2F00115EF0 /* SceneDelegate.swift in Sources */ = {isa = PBXBuildFile; fileRef = 80BE7B2023689C2F00115EF0 /* SceneDelegate.swift */; };
		80BE7B2323689C2F00115EF0 /* ContentView.swift in Sources */ = {isa = PBXBuildFile; fileRef = 80BE7B2223689C2F00115EF0 /* ContentView.swift */; };
		80BE7B2523689C3200115EF0 /* Assets.xcassets in Resources */ = {isa = PBXBuildFile; fileRef = 80BE7B2423689C3200115EF0 /* Assets.xcassets */; };
		80BE7B2823689C3200115EF0 /* Preview Assets.xcassets in Resources */ = {isa = PBXBuildFile; fileRef = 80BE7B2723689C3200115EF0 /* Preview Assets.xcassets */; };
		80BE7B2B23689C3200115EF0 /* LaunchScreen.storyboard in Resources */ = {isa = PBXBuildFile; fileRef = 80BE7B2923689C3200115EF0 /* LaunchScreen.storyboard */; };
/* End PBXBuildFile section */

/* Begin PBXFileReference section */
		801D06E5236AC65600154207 /* EditText.swift */ = {isa = PBXFileReference; lastKnownFileType = sourcecode.swift; path = EditText.swift; sourceTree = "<group>"; };
		80AAB5C62368A6E700CFB099 /* Bundle+ActivityType.swift */ = {isa = PBXFileReference; lastKnownFileType = sourcecode.swift; path = "Bundle+ActivityType.swift"; sourceTree = "<group>"; };
		80B2B28A23698B82005781AC /* State.swift */ = {isa = PBXFileReference; lastKnownFileType = sourcecode.swift; path = State.swift; sourceTree = "<group>"; };
		80BE7B1B23689C2F00115EF0 /* SceneBasedStateRestoration-Article.app */ = {isa = PBXFileReference; explicitFileType = wrapper.application; includeInIndex = 0; path = "SceneBasedStateRestoration-Article.app"; sourceTree = BUILT_PRODUCTS_DIR; };
		80BE7B1E23689C2F00115EF0 /* AppDelegate.swift */ = {isa = PBXFileReference; lastKnownFileType = sourcecode.swift; path = AppDelegate.swift; sourceTree = "<group>"; };
		80BE7B2023689C2F00115EF0 /* SceneDelegate.swift */ = {isa = PBXFileReference; lastKnownFileType = sourcecode.swift; path = SceneDelegate.swift; sourceTree = "<group>"; };
		80BE7B2223689C2F00115EF0 /* ContentView.swift */ = {isa = PBXFileReference; lastKnownFileType = sourcecode.swift; path = ContentView.swift; sourceTree = "<group>"; };
		80BE7B2423689C3200115EF0 /* Assets.xcassets */ = {isa = PBXFileReference; lastKnownFileType = folder.assetcatalog; path = Assets.xcassets; sourceTree = "<group>"; };
		80BE7B2723689C3200115EF0 /* Preview Assets.xcassets */ = {isa = PBXFileReference; lastKnownFileType = folder.assetcatalog; path = "Preview Assets.xcassets"; sourceTree = "<group>"; };
		80BE7B2A23689C3200115EF0 /* Base */ = {isa = PBXFileReference; lastKnownFileType = file.storyboard; name = Base; path = Base.lproj/LaunchScreen.storyboard; sourceTree = "<group>"; };
		80BE7B2C23689C3200115EF0 /* Info.plist */ = {isa = PBXFileReference; lastKnownFileType = text.plist.xml; path = Info.plist; sourceTree = "<group>"; };
/* End PBXFileReference section */

/* Begin PBXFrameworksBuildPhase section */
		80BE7B1823689C2F00115EF0 /* Frameworks */ = {
			isa = PBXFrameworksBuildPhase;
			buildActionMask = 2147483647;
			files = (
			);
			runOnlyForDeploymentPostprocessing = 0;
		};
/* End PBXFrameworksBuildPhase section */

/* Begin PBXGroup section */
		80BE7B1223689C2F00115EF0 = {
			isa = PBXGroup;
			children = (
				80BE7B1D23689C2F00115EF0 /* SceneBasedStateRestoration-Article */,
				80BE7B1C23689C2F00115EF0 /* Products */,
			);
			sourceTree = "<group>";
		};
		80BE7B1C23689C2F00115EF0 /* Products */ = {
			isa = PBXGroup;
			children = (
				80BE7B1B23689C2F00115EF0 /* SceneBasedStateRestoration-Article.app */,
			);
			name = Products;
			sourceTree = "<group>";
		};
		80BE7B1D23689C2F00115EF0 /* SceneBasedStateRestoration-Article */ = {
			isa = PBXGroup;
			children = (
				80BE7B1E23689C2F00115EF0 /* AppDelegate.swift */,
				80BE7B2023689C2F00115EF0 /* SceneDelegate.swift */,
				80BE7B2223689C2F00115EF0 /* ContentView.swift */,
				801D06E5236AC65600154207 /* EditText.swift */,
				80B2B28A23698B82005781AC /* State.swift */,
				80AAB5C62368A6E700CFB099 /* Bundle+ActivityType.swift */,
				80BE7B2423689C3200115EF0 /* Assets.xcassets */,
				80BE7B2923689C3200115EF0 /* LaunchScreen.storyboard */,
				80BE7B2C23689C3200115EF0 /* Info.plist */,
				80BE7B2623689C3200115EF0 /* Preview Content */,
			);
			path = "SceneBasedStateRestoration-Article";
			sourceTree = "<group>";
		};
		80BE7B2623689C3200115EF0 /* Preview Content */ = {
			isa = PBXGroup;
			children = (
				80BE7B2723689C3200115EF0 /* Preview Assets.xcassets */,
			);
			path = "Preview Content";
			sourceTree = "<group>";
		};
/* End PBXGroup section */

/* Begin PBXNativeTarget section */
		80BE7B1A23689C2F00115EF0 /* SceneBasedStateRestoration-Article */ = {
			isa = PBXNativeTarget;
			buildConfigurationList = 80BE7B2F23689C3200115EF0 /* Build configuration list for PBXNativeTarget "SceneBasedStateRestoration-Article" */;
			buildPhases = (
				80BE7B1723689C2F00115EF0 /* Sources */,
				80BE7B1823689C2F00115EF0 /* Frameworks */,
				80BE7B1923689C2F00115EF0 /* Resources */,
			);
			buildRules = (
			);
			dependencies = (
			);
			name = "SceneBasedStateRestoration-Article";
			productName = "SceneBasedStateRestoration-Article";
			productReference = 80BE7B1B23689C2F00115EF0 /* SceneBasedStateRestoration-Article.app */;
			productType = "com.apple.product-type.application";
		};
/* End PBXNativeTarget section */

/* Begin PBXProject section */
		80BE7B1323689C2F00115EF0 /* Project object */ = {
			isa = PBXProject;
			attributes = {
				LastSwiftUpdateCheck = 1110;
				LastUpgradeCheck = 1110;
				ORGANIZATIONNAME = "Vadym Bulavin";
				TargetAttributes = {
					80BE7B1A23689C2F00115EF0 = {
						CreatedOnToolsVersion = 11.1;
					};
				};
			};
			buildConfigurationList = 80BE7B1623689C2F00115EF0 /* Build configuration list for PBXProject "SceneBasedStateRestoration-Article" */;
			compatibilityVersion = "Xcode 9.3";
			developmentRegion = en;
			hasScannedForEncodings = 0;
			knownRegions = (
				en,
				Base,
			);
			mainGroup = 80BE7B1223689C2F00115EF0;
			productRefGroup = 80BE7B1C23689C2F00115EF0 /* Products */;
			projectDirPath = "";
			projectRoot = "";
			targets = (
				80BE7B1A23689C2F00115EF0 /* SceneBasedStateRestoration-Article */,
			);
		};
/* End PBXProject section */

/* Begin PBXResourcesBuildPhase section */
		80BE7B1923689C2F00115EF0 /* Resources */ = {
			isa = PBXResourcesBuildPhase;
			buildActionMask = 2147483647;
			files = (
				80BE7B2B23689C3200115EF0 /* LaunchScreen.storyboard in Resources */,
				80BE7B2823689C3200115EF0 /* Preview Assets.xcassets in Resources */,
				80BE7B2523689C3200115EF0 /* Assets.xcassets in Resources */,
			);
			runOnlyForDeploymentPostprocessing = 0;
		};
/* End PBXResourcesBuildPhase section */

/* Begin PBXSourcesBuildPhase section */
		80BE7B1723689C2F00115EF0 /* Sources */ = {
			isa = PBXSourcesBuildPhase;
			buildActionMask = 2147483647;
			files = (
				80AAB5C72368A6E700CFB099 /* Bundle+ActivityType.swift in Sources */,
				80BE7B1F23689C2F00115EF0 /* AppDelegate.swift in Sources */,
				80BE7B2123689C2F00115EF0 /* SceneDelegate.swift in Sources */,
				80B2B28B23698B82005781AC /* State.swift in Sources */,
				80BE7B2323689C2F00115EF0 /* ContentView.swift in Sources */,
				801D06E6236AC65600154207 /* EditText.swift in Sources */,
			);
			runOnlyForDeploymentPostprocessing = 0;
		};
/* End PBXSourcesBuildPhase section */

/* Begin PBXVariantGroup section */
		80BE7B2923689C3200115EF0 /* LaunchScreen.storyboard */ = {
			isa = PBXVariantGroup;
			children = (
				80BE7B2A23689C3200115EF0 /* Base */,
			);
			name = LaunchScreen.storyboard;
			sourceTree = "<group>";
		};
/* End PBXVariantGroup section */

/* Begin XCBuildConfiguration section */
		80BE7B2D23689C3200115EF0 /* Debug */ = {
			isa = XCBuildConfiguration;
			buildSettings = {
				ALWAYS_SEARCH_USER_PATHS = NO;
				CLANG_ANALYZER_NONNULL = YES;
				CLANG_ANALYZER_NUMBER_OBJECT_CONVERSION = YES_AGGRESSIVE;
				CLANG_CXX_LANGUAGE_STANDARD = "gnu++14";
				CLANG_CXX_LIBRARY = "libc++";
				CLANG_ENABLE_MODULES = YES;
				CLANG_ENABLE_OBJC_ARC = YES;
				CLANG_ENABLE_OBJC_WEAK = YES;
				CLANG_WARN_BLOCK_CAPTURE_AUTORELEASING = YES;
				CLANG_WARN_BOOL_CONVERSION = YES;
				CLANG_WARN_COMMA = YES;
				CLANG_WARN_CONSTANT_CONVERSION = YES;
				CLANG_WARN_DEPRECATED_OBJC_IMPLEMENTATIONS = YES;
				CLANG_WARN_DIRECT_OBJC_ISA_USAGE = YES_ERROR;
				CLANG_WARN_DOCUMENTATION_COMMENTS = YES;
				CLANG_WARN_EMPTY_BODY = YES;
				CLANG_WARN_ENUM_CONVERSION = YES;
				CLANG_WARN_INFINITE_RECURSION = YES;
				CLANG_WARN_INT_CONVERSION = YES;
				CLANG_WARN_NON_LITERAL_NULL_CONVERSION = YES;
				CLANG_WARN_OBJC_IMPLICIT_RETAIN_SELF = YES;
				CLANG_WARN_OBJC_LITERAL_CONVERSION = YES;
				CLANG_WARN_OBJC_ROOT_CLASS = YES_ERROR;
				CLANG_WARN_RANGE_LOOP_ANALYSIS = YES;
				CLANG_WARN_STRICT_PROTOTYPES = YES;
				CLANG_WARN_SUSPICIOUS_MOVE = YES;
				CLANG_WARN_UNGUARDED_AVAILABILITY = YES_AGGRESSIVE;
				CLANG_WARN_UNREACHABLE_CODE = YES;
				CLANG_WARN__DUPLICATE_METHOD_MATCH = YES;
				COPY_PHASE_STRIP = NO;
				DEBUG_INFORMATION_FORMAT = dwarf;
				ENABLE_STRICT_OBJC_MSGSEND = YES;
				ENABLE_TESTABILITY = YES;
				GCC_C_LANGUAGE_STANDARD = gnu11;
				GCC_DYNAMIC_NO_PIC = NO;
				GCC_NO_COMMON_BLOCKS = YES;
				GCC_OPTIMIZATION_LEVEL = 0;
				GCC_PREPROCESSOR_DEFINITIONS = (
					"DEBUG=1",
					"$(inherited)",
				);
				GCC_WARN_64_TO_32_BIT_CONVERSION = YES;
				GCC_WARN_ABOUT_RETURN_TYPE = YES_ERROR;
				GCC_WARN_UNDECLARED_SELECTOR = YES;
				GCC_WARN_UNINITIALIZED_AUTOS = YES_AGGRESSIVE;
				GCC_WARN_UNUSED_FUNCTION = YES;
				GCC_WARN_UNUSED_VARIABLE = YES;
				IPHONEOS_DEPLOYMENT_TARGET = 13.1;
				MTL_ENABLE_DEBUG_INFO = INCLUDE_SOURCE;
				MTL_FAST_MATH = YES;
				ONLY_ACTIVE_ARCH = YES;
				SDKROOT = iphoneos;
				SWIFT_ACTIVE_COMPILATION_CONDITIONS = DEBUG;
				SWIFT_OPTIMIZATION_LEVEL = "-Onone";
			};
			name = Debug;
		};
		80BE7B2E23689C3200115EF0 /* Release */ = {
			isa = XCBuildConfiguration;
			buildSettings = {
				ALWAYS_SEARCH_USER_PATHS = NO;
				CLANG_ANALYZER_NONNULL = YES;
				CLANG_ANALYZER_NUMBER_OBJECT_CONVERSION = YES_AGGRESSIVE;
				CLANG_CXX_LANGUAGE_STANDARD = "gnu++14";
				CLANG_CXX_LIBRARY = "libc++";
				CLANG_ENABLE_MODULES = YES;
				CLANG_ENABLE_OBJC_ARC = YES;
				CLANG_ENABLE_OBJC_WEAK = YES;
				CLANG_WARN_BLOCK_CAPTURE_AUTORELEASING = YES;
				CLANG_WARN_BOOL_CONVERSION = YES;
				CLANG_WARN_COMMA = YES;
				CLANG_WARN_CONSTANT_CONVERSION = YES;
				CLANG_WARN_DEPRECATED_OBJC_IMPLEMENTATIONS = YES;
				CLANG_WARN_DIRECT_OBJC_ISA_USAGE = YES_ERROR;
				CLANG_WARN_DOCUMENTATION_COMMENTS = YES;
				CLANG_WARN_EMPTY_BODY = YES;
				CLANG_WARN_ENUM_CONVERSION = YES;
				CLANG_WARN_INFINITE_RECURSION = YES;
				CLANG_WARN_INT_CONVERSION = YES;
				CLANG_WARN_NON_LITERAL_NULL_CONVERSION = YES;
				CLANG_WARN_OBJC_IMPLICIT_RETAIN_SELF = YES;
				CLANG_WARN_OBJC_LITERAL_CONVERSION = YES;
				CLANG_WARN_OBJC_ROOT_CLASS = YES_ERROR;
				CLANG_WARN_RANGE_LOOP_ANALYSIS = YES;
				CLANG_WARN_STRICT_PROTOTYPES = YES;
				CLANG_WARN_SUSPICIOUS_MOVE = YES;
				CLANG_WARN_UNGUARDED_AVAILABILITY = YES_AGGRESSIVE;
				CLANG_WARN_UNREACHABLE_CODE = YES;
				CLANG_WARN__DUPLICATE_METHOD_MATCH = YES;
				COPY_PHASE_STRIP = NO;
				DEBUG_INFORMATION_FORMAT = "dwarf-with-dsym";
				ENABLE_NS_ASSERTIONS = NO;
				ENABLE_STRICT_OBJC_MSGSEND = YES;
				GCC_C_LANGUAGE_STANDARD = gnu11;
				GCC_NO_COMMON_BLOCKS = YES;
				GCC_WARN_64_TO_32_BIT_CONVERSION = YES;
				GCC_WARN_ABOUT_RETURN_TYPE = YES_ERROR;
				GCC_WARN_UNDECLARED_SELECTOR = YES;
				GCC_WARN_UNINITIALIZED_AUTOS = YES_AGGRESSIVE;
				GCC_WARN_UNUSED_FUNCTION = YES;
				GCC_WARN_UNUSED_VARIABLE = YES;
				IPHONEOS_DEPLOYMENT_TARGET = 13.1;
				MTL_ENABLE_DEBUG_INFO = NO;
				MTL_FAST_MATH = YES;
				SDKROOT = iphoneos;
				SWIFT_COMPILATION_MODE = wholemodule;
				SWIFT_OPTIMIZATION_LEVEL = "-O";
				VALIDATE_PRODUCT = YES;
			};
			name = Release;
		};
		80BE7B3023689C3200115EF0 /* Debug */ = {
			isa = XCBuildConfiguration;
			buildSettings = {
				ASSETCATALOG_COMPILER_APPICON_NAME = AppIcon;
				CODE_SIGN_STYLE = Automatic;
				DEVELOPMENT_ASSET_PATHS = "\"SceneBasedStateRestoration-Article/Preview Content\"";
				ENABLE_PREVIEWS = YES;
				INFOPLIST_FILE = "SceneBasedStateRestoration-Article/Info.plist";
				LD_RUNPATH_SEARCH_PATHS = (
					"$(inherited)",
					"@executable_path/Frameworks",
				);
				PRODUCT_BUNDLE_IDENTIFIER = "v8tr.SceneBasedStateRestoration-Article";
				PRODUCT_NAME = "$(TARGET_NAME)";
				SWIFT_VERSION = 5.0;
				TARGETED_DEVICE_FAMILY = "1,2";
			};
			name = Debug;
		};
		80BE7B3123689C3200115EF0 /* Release */ = {
			isa = XCBuildConfiguration;
			buildSettings = {
				ASSETCATALOG_COMPILER_APPICON_NAME = AppIcon;
				CODE_SIGN_STYLE = Automatic;
				DEVELOPMENT_ASSET_PATHS = "\"SceneBasedStateRestoration-Article/Preview Content\"";
				ENABLE_PREVIEWS = YES;
				INFOPLIST_FILE = "SceneBasedStateRestoration-Article/Info.plist";
				LD_RUNPATH_SEARCH_PATHS = (
					"$(inherited)",
					"@executable_path/Frameworks",
				);
				PRODUCT_BUNDLE_IDENTIFIER = "v8tr.SceneBasedStateRestoration-Article";
				PRODUCT_NAME = "$(TARGET_NAME)";
				SWIFT_VERSION = 5.0;
				TARGETED_DEVICE_FAMILY = "1,2";
			};
			name = Release;
		};
/* End XCBuildConfiguration section */

/* Begin XCConfigurationList section */
		80BE7B1623689C2F00115EF0 /* Build configuration list for PBXProject "SceneBasedStateRestoration-Article" */ = {
			isa = XCConfigurationList;
			buildConfigurations = (
				80BE7B2D23689C3200115EF0 /* Debug */,
				80BE7B2E23689C3200115EF0 /* Release */,
			);
			defaultConfigurationIsVisible = 0;
			defaultConfigurationName = Release;
		};
		80BE7B2F23689C3200115EF0 /* Build configuration list for PBXNativeTarget "SceneBasedStateRestoration-Article" */ = {
			isa = XCConfigurationList;
			buildConfigurations = (
				80BE7B3023689C3200115EF0 /* Debug */,
				80BE7B3123689C3200115EF0 /* Release */,
			);
			defaultConfigurationIsVisible = 0;
			defaultConfigurationName = Release;
		};
/* End XCConfigurationList section */
	};
	rootObject = 80BE7B1323689C2F00115EF0 /* Project object */;
}
